
Microsoft Visual Studio Solution File, Format Version 12.00
# Visual Studio Version 17
VisualStudioVersion = 17.11.35222.181
MinimumVisualStudioVersion = 10.0.40219.1
Project("{FAE04EC0-301F-11D3-BF4B-00C04F79EFBC}") = "Mapache Bigoton", "Mapache Bigoton.csproj", "{F6A6260B-79BC-431A-9D82-A4449004CA79}"
EndProject
Global
	GlobalSection(SolutionConfigurationPlatforms) = preSolution
		Debug|Any CPU = Debug|Any CPU
		Release|Any CPU = Release|Any CPU
	EndGlobalSection
	GlobalSection(ProjectConfigurationPlatforms) = postSolution
		{F6A6260B-79BC-431A-9D82-A4449004CA79}.Debug|Any CPU.ActiveCfg = Debug|Any CPU
		{F6A6260B-79BC-431A-9D82-A4449004CA79}.Debug|Any CPU.Build.0 = Debug|Any CPU
		{F6A6260B-79BC-431A-9D82-A4449004CA79}.Release|Any CPU.ActiveCfg = Release|Any CPU
		{F6A6260B-79BC-431A-9D82-A4449004CA79}.Release|Any CPU.Build.0 = Release|Any CPU
	EndGlobalSection
	GlobalSection(SolutionProperties) = preSolution
		HideSolutionNode = FALSE
	EndGlobalSection
	GlobalSection(ExtensibilityGlobals) = postSolution
		SolutionGuid = {450AB56A-5FB7-475A-87F0-A86D61BA8BFF}
	EndGlobalSection
EndGlobal
